
Microsoft Visual Studio Solution File, Format Version 12.00
# Visual Studio Version 16
VisualStudioVersion = 16.0.30523.141
MinimumVisualStudioVersion = 10.0.40219.1
Project("{FAE04EC0-301F-11D3-BF4B-00C04F79EFBC}") = "The Treachery of Whales", "The Treachery of Whales\The Treachery of Whales.csproj", "{77AC5604-CAA8-4F0D-9167-2F9DB29BBB1C}"
EndProject
Global
	GlobalSection(SolutionConfigurationPlatforms) = preSolution
		Debug|Any CPU = Debug|Any CPU
		Release|Any CPU = Release|Any CPU
	EndGlobalSection
	GlobalSection(ProjectConfigurationPlatforms) = postSolution
		{77AC5604-CAA8-4F0D-9167-2F9DB29BBB1C}.Debug|Any CPU.ActiveCfg = Debug|Any CPU
		{77AC5604-CAA8-4F0D-9167-2F9DB29BBB1C}.Debug|Any CPU.Build.0 = Debug|Any CPU
		{77AC5604-CAA8-4F0D-9167-2F9DB29BBB1C}.Release|Any CPU.ActiveCfg = Release|Any CPU
		{77AC5604-CAA8-4F0D-9167-2F9DB29BBB1C}.Release|Any CPU.Build.0 = Release|Any CPU
	EndGlobalSection
	GlobalSection(SolutionProperties) = preSolution
		HideSolutionNode = FALSE
	EndGlobalSection
	GlobalSection(ExtensibilityGlobals) = postSolution
		SolutionGuid = {A517E671-FC4A-4442-B81C-8120E295855B}
	EndGlobalSection
EndGlobal
