
Microsoft Visual Studio Solution File, Format Version 12.00
# Visual Studio Version 16
VisualStudioVersion = 16.0.30907.101
MinimumVisualStudioVersion = 10.0.40219.1
Project("{FAE04EC0-301F-11D3-BF4B-00C04F79EFBC}") = "Seven Segment Search", "Seven Segment Search\Seven Segment Search.csproj", "{F7BD28B8-6468-411E-83C6-EE71754412A6}"
EndProject
Global
	GlobalSection(SolutionConfigurationPlatforms) = preSolution
		Debug|Any CPU = Debug|Any CPU
		Release|Any CPU = Release|Any CPU
	EndGlobalSection
	GlobalSection(ProjectConfigurationPlatforms) = postSolution
		{F7BD28B8-6468-411E-83C6-EE71754412A6}.Debug|Any CPU.ActiveCfg = Debug|Any CPU
		{F7BD28B8-6468-411E-83C6-EE71754412A6}.Debug|Any CPU.Build.0 = Debug|Any CPU
		{F7BD28B8-6468-411E-83C6-EE71754412A6}.Release|Any CPU.ActiveCfg = Release|Any CPU
		{F7BD28B8-6468-411E-83C6-EE71754412A6}.Release|Any CPU.Build.0 = Release|Any CPU
	EndGlobalSection
	GlobalSection(SolutionProperties) = preSolution
		HideSolutionNode = FALSE
	EndGlobalSection
	GlobalSection(ExtensibilityGlobals) = postSolution
		SolutionGuid = {97F697E8-6081-476B-9BE7-46913540C391}
	EndGlobalSection
EndGlobal
