
Microsoft Visual Studio Solution File, Format Version 12.00
# Visual Studio Version 16
VisualStudioVersion = 16.0.32002.261
MinimumVisualStudioVersion = 10.0.40219.1
Project("{FAE04EC0-301F-11D3-BF4B-00C04F79EFBC}") = "Trick Shot", "Trick Shot\Trick Shot.csproj", "{3D1456F5-3E1F-4A00-B232-13D1386EC6D8}"
EndProject
Global
	GlobalSection(SolutionConfigurationPlatforms) = preSolution
		Debug|Any CPU = Debug|Any CPU
		Release|Any CPU = Release|Any CPU
	EndGlobalSection
	GlobalSection(ProjectConfigurationPlatforms) = postSolution
		{3D1456F5-3E1F-4A00-B232-13D1386EC6D8}.Debug|Any CPU.ActiveCfg = Debug|Any CPU
		{3D1456F5-3E1F-4A00-B232-13D1386EC6D8}.Debug|Any CPU.Build.0 = Debug|Any CPU
		{3D1456F5-3E1F-4A00-B232-13D1386EC6D8}.Release|Any CPU.ActiveCfg = Release|Any CPU
		{3D1456F5-3E1F-4A00-B232-13D1386EC6D8}.Release|Any CPU.Build.0 = Release|Any CPU
	EndGlobalSection
	GlobalSection(SolutionProperties) = preSolution
		HideSolutionNode = FALSE
	EndGlobalSection
	GlobalSection(ExtensibilityGlobals) = postSolution
		SolutionGuid = {20765566-E857-4EDB-9C9E-EA1FB788D35A}
	EndGlobalSection
EndGlobal
