
Microsoft Visual Studio Solution File, Format Version 12.00
# Visual Studio Version 16
VisualStudioVersion = 16.0.30907.101
MinimumVisualStudioVersion = 10.0.40219.1
Project("{FAE04EC0-301F-11D3-BF4B-00C04F79EFBC}") = "Passage Pathing", "Passage Pathing\Passage Pathing.csproj", "{7462F5D3-5981-4AEC-9F12-183B5C5FC0BB}"
EndProject
Global
	GlobalSection(SolutionConfigurationPlatforms) = preSolution
		Debug|Any CPU = Debug|Any CPU
		Release|Any CPU = Release|Any CPU
	EndGlobalSection
	GlobalSection(ProjectConfigurationPlatforms) = postSolution
		{7462F5D3-5981-4AEC-9F12-183B5C5FC0BB}.Debug|Any CPU.ActiveCfg = Debug|Any CPU
		{7462F5D3-5981-4AEC-9F12-183B5C5FC0BB}.Debug|Any CPU.Build.0 = Debug|Any CPU
		{7462F5D3-5981-4AEC-9F12-183B5C5FC0BB}.Release|Any CPU.ActiveCfg = Release|Any CPU
		{7462F5D3-5981-4AEC-9F12-183B5C5FC0BB}.Release|Any CPU.Build.0 = Release|Any CPU
	EndGlobalSection
	GlobalSection(SolutionProperties) = preSolution
		HideSolutionNode = FALSE
	EndGlobalSection
	GlobalSection(ExtensibilityGlobals) = postSolution
		SolutionGuid = {47B5404E-D663-4137-ADDD-900992A8AEC3}
	EndGlobalSection
EndGlobal
