
Microsoft Visual Studio Solution File, Format Version 12.00
# Visual Studio Version 16
VisualStudioVersion = 16.0.30907.101
MinimumVisualStudioVersion = 10.0.40219.1
Project("{FAE04EC0-301F-11D3-BF4B-00C04F79EFBC}") = "Smoke Basin", "Smoke Basin\Smoke Basin.csproj", "{5E6A1578-CD19-47A8-B623-FABEF0952444}"
EndProject
Global
	GlobalSection(SolutionConfigurationPlatforms) = preSolution
		Debug|Any CPU = Debug|Any CPU
		Release|Any CPU = Release|Any CPU
	EndGlobalSection
	GlobalSection(ProjectConfigurationPlatforms) = postSolution
		{5E6A1578-CD19-47A8-B623-FABEF0952444}.Debug|Any CPU.ActiveCfg = Debug|Any CPU
		{5E6A1578-CD19-47A8-B623-FABEF0952444}.Debug|Any CPU.Build.0 = Debug|Any CPU
		{5E6A1578-CD19-47A8-B623-FABEF0952444}.Release|Any CPU.ActiveCfg = Release|Any CPU
		{5E6A1578-CD19-47A8-B623-FABEF0952444}.Release|Any CPU.Build.0 = Release|Any CPU
	EndGlobalSection
	GlobalSection(SolutionProperties) = preSolution
		HideSolutionNode = FALSE
	EndGlobalSection
	GlobalSection(ExtensibilityGlobals) = postSolution
		SolutionGuid = {286FE495-E313-41CC-87C0-75FC9EEEFBDF}
	EndGlobalSection
EndGlobal
